// !$*UTF8*$!
{
	archiveVersion = 1;
	classes = {
	};
	objectVersion = 77;
	objects = {

/* Begin PBXContainerItemProxy section */
		30B4DA1F2F6A9E80002B814B /* PBXContainerItemProxy */ = {
			isa = PBXContainerItemProxy;
			containerPortal = 30B4DA012F6A9E7F002B814B /* Project object */;
			proxyType = 1;
			remoteGlobalIDString = 30B4DA082F6A9E7F002B814B;
			remoteInfo = Lidarcapture;
		};
		30B4DA292F6A9E80002B814B /* PBXContainerItemProxy */ = {
			isa = PBXContainerItemProxy;
			containerPortal = 30B4DA012F6A9E7F002B814B /* Project object */;
			proxyType = 1;
			remoteGlobalIDString = 30B4DA082F6A9E7F002B814B;
			remoteInfo = Lidarcapture;
		};
/* End PBXContainerItemProxy section */

/* Begin PBXFileReference section */
		30B4DA092F6A9E7F002B814B /* Lidarcapture.app */ = {isa = PBXFileReference; explicitFileType = wrapper.application; includeInIndex = 0; path = Lidarcapture.app; sourceTree = BUILT_PRODUCTS_DIR; };
		30B4DA1E2F6A9E80002B814B /* LidarcaptureTests.xctest */ = {isa = PBXFileReference; explicitFileType = wrapper.cfbundle; includeInIndex = 0; path = LidarcaptureTests.xctest; sourceTree = BUILT_PRODUCTS_DIR; };
		30B4DA282F6A9E80002B814B /* LidarcaptureUITests.xctest */ = {isa = PBXFileReference; explicitFileType = wrapper.cfbundle; includeInIndex = 0; path = LidarcaptureUITests.xctest; sourceTree = BUILT_PRODUCTS_DIR; };
/* End PBXFileReference section */

/* Begin PBXFileSystemSynchronizedRootGroup section */
		30B4DA0B2F6A9E7F002B814B /* Lidarcapture */ = {
			isa = PBXFileSystemSynchronizedRootGroup;
			path = Lidarcapture;
			sourceTree = "<group>";
		};
		30B4DA212F6A9E80002B814B /* LidarcaptureTests */ = {
			isa = PBXFileSystemSynchronizedRootGroup;
			path = LidarcaptureTests;
			sourceTree = "<group>";
		};
		30B4DA2B2F6A9E80002B814B /* LidarcaptureUITests */ = {
			isa = PBXFileSystemSynchronizedRootGroup;
			path = LidarcaptureUITests;
			sourceTree = "<group>";
		};
/* End PBXFileSystemSynchronizedRootGroup section */

/* Begin PBXFrameworksBuildPhase section */
		30B4DA062F6A9E7F002B814B /* Frameworks */ = {
			isa = PBXFrameworksBuildPhase;
			buildActionMask = 2147483647;
			files = (
			);
			runOnlyForDeploymentPostprocessing = 0;
		};
		30B4DA1B2F6A9E80002B814B /* Frameworks */ = {
			isa = PBXFrameworksBuildPhase;
			buildActionMask = 2147483647;
			files = (
			);
			runOnlyForDeploymentPostprocessing = 0;
		};
		30B4DA252F6A9E80002B814B /* Frameworks */ = {
			isa = PBXFrameworksBuildPhase;
			buildActionMask = 2147483647;
			files = (
			);
			runOnlyForDeploymentPostprocessing = 0;
		};
/* End PBXFrameworksBuildPhase section */

/* Begin PBXGroup section */
		30B4DA002F6A9E7F002B814B = {
			isa = PBXGroup;
			children = (
				30B4DA0B2F6A9E7F002B814B /* Lidarcapture */,
				30B4DA212F6A9E80002B814B /* LidarcaptureTests */,
				30B4DA2B2F6A9E80002B814B /* LidarcaptureUITests */,
				30B4DA0A2F6A9E7F002B814B /* Products */,
			);
			sourceTree = "<group>";
		};
		30B4DA0A2F6A9E7F002B814B /* Products */ = {
			isa = PBXGroup;
			children = (
				30B4DA092F6A9E7F002B814B /* Lidarcapture.app */,
				30B4DA1E2F6A9E80002B814B /* LidarcaptureTests.xctest */,
				30B4DA282F6A9E80002B814B /* LidarcaptureUITests.xctest */,
			);
			name = Products;
			sourceTree = "<group>";
		};
/* End PBXGroup section */

/* Begin PBXNativeTarget section */
		30B4DA082F6A9E7F002B814B /* Lidarcapture */ = {
			isa = PBXNativeTarget;
			buildConfigurationList = 30B4DA322F6A9E80002B814B /* Build configuration list for PBXNativeTarget "Lidarcapture" */;
			buildPhases = (
				30B4DA052F6A9E7F002B814B /* Sources */,
				30B4DA062F6A9E7F002B814B /* Frameworks */,
				30B4DA072F6A9E7F002B814B /* Resources */,
			);
			buildRules = (
			);
			dependencies = (
			);
			fileSystemSynchronizedGroups = (
				30B4DA0B2F6A9E7F002B814B /* Lidarcapture */,
			);
			name = Lidarcapture;
			packageProductDependencies = (
			);
			productName = Lidarcapture;
			productReference = 30B4DA092F6A9E7F002B814B /* Lidarcapture.app */;
			productType = "com.apple.product-type.application";
		};
		30B4DA1D2F6A9E80002B814B /* LidarcaptureTests */ = {
			isa = PBXNativeTarget;
			buildConfigurationList = 30B4DA352F6A9E80002B814B /* Build configuration list for PBXNativeTarget "LidarcaptureTests" */;
			buildPhases = (
				30B4DA1A2F6A9E80002B814B /* Sources */,
				30B4DA1B2F6A9E80002B814B /* Frameworks */,
				30B4DA1C2F6A9E80002B814B /* Resources */,
			);
			buildRules = (
			);
			dependencies = (
				30B4DA202F6A9E80002B814B /* PBXTargetDependency */,
			);
			fileSystemSynchronizedGroups = (
				30B4DA212F6A9E80002B814B /* LidarcaptureTests */,
			);
			name = LidarcaptureTests;
			packageProductDependencies = (
			);
			productName = LidarcaptureTests;
			productReference = 30B4DA1E2F6A9E80002B814B /* LidarcaptureTests.xctest */;
			productType = "com.apple.product-type.bundle.unit-test";
		};
		30B4DA272F6A9E80002B814B /* LidarcaptureUITests */ = {
			isa = PBXNativeTarget;
			buildConfigurationList = 30B4DA382F6A9E80002B814B /* Build configuration list for PBXNativeTarget "LidarcaptureUITests" */;
			buildPhases = (
				30B4DA242F6A9E80002B814B /* Sources */,
				30B4DA252F6A9E80002B814B /* Frameworks */,
				30B4DA262F6A9E80002B814B /* Resources */,
			);
			buildRules = (
			);
			dependencies = (
				30B4DA2A2F6A9E80002B814B /* PBXTargetDependency */,
			);
			fileSystemSynchronizedGroups = (
				30B4DA2B2F6A9E80002B814B /* LidarcaptureUITests */,
			);
			name = LidarcaptureUITests;
			packageProductDependencies = (
			);
			productName = LidarcaptureUITests;
			productReference = 30B4DA282F6A9E80002B814B /* LidarcaptureUITests.xctest */;
			productType = "com.apple.product-type.bundle.ui-testing";
		};
/* End PBXNativeTarget section */

/* Begin PBXProject section */
		30B4DA012F6A9E7F002B814B /* Project object */ = {
			isa = PBXProject;
			attributes = {
				BuildIndependentTargetsInParallel = 1;
				LastSwiftUpdateCheck = 1620;
				LastUpgradeCheck = 1620;
				TargetAttributes = {
					30B4DA082F6A9E7F002B814B = {
						CreatedOnToolsVersion = 16.2;
					};
					30B4DA1D2F6A9E80002B814B = {
						CreatedOnToolsVersion = 16.2;
						TestTargetID = 30B4DA082F6A9E7F002B814B;
					};
					30B4DA272F6A9E80002B814B = {
						CreatedOnToolsVersion = 16.2;
						TestTargetID = 30B4DA082F6A9E7F002B814B;
					};
				};
			};
			buildConfigurationList = 30B4DA042F6A9E7F002B814B /* Build configuration list for PBXProject "Lidarcapture" */;
			developmentRegion = en;
			hasScannedForEncodings = 0;
			knownRegions = (
				en,
				Base,
			);
			mainGroup = 30B4DA002F6A9E7F002B814B;
			minimizedProjectReferenceProxies = 1;
			preferredProjectObjectVersion = 77;
			productRefGroup = 30B4DA0A2F6A9E7F002B814B /* Products */;
			projectDirPath = "";
			projectRoot = "";
			targets = (
				30B4DA082F6A9E7F002B814B /* Lidarcapture */,
				30B4DA1D2F6A9E80002B814B /* LidarcaptureTests */,
				30B4DA272F6A9E80002B814B /* LidarcaptureUITests */,
			);
		};
/* End PBXProject section */

/* Begin PBXResourcesBuildPhase section */
		30B4DA072F6A9E7F002B814B /* Resources */ = {
			isa = PBXResourcesBuildPhase;
			buildActionMask = 2147483647;
			files = (
			);
			runOnlyForDeploymentPostprocessing = 0;
		};
		30B4DA1C2F6A9E80002B814B /* Resources */ = {
			isa = PBXResourcesBuildPhase;
			buildActionMask = 2147483647;
			files = (
			);
			runOnlyForDeploymentPostprocessing = 0;
		};
		30B4DA262F6A9E80002B814B /* Resources */ = {
			isa = PBXResourcesBuildPhase;
			buildActionMask = 2147483647;
			files = (
			);
			runOnlyForDeploymentPostprocessing = 0;
		};
/* End PBXResourcesBuildPhase section */

/* Begin PBXSourcesBuildPhase section */
		30B4DA052F6A9E7F002B814B /* Sources */ = {
			isa = PBXSourcesBuildPhase;
			buildActionMask = 2147483647;
			files = (
			);
			runOnlyForDeploymentPostprocessing = 0;
		};
		30B4DA1A2F6A9E80002B814B /* Sources */ = {
			isa = PBXSourcesBuildPhase;
			buildActionMask = 2147483647;
			files = (
			);
			runOnlyForDeploymentPostprocessing = 0;
		};
		30B4DA242F6A9E80002B814B /* Sources */ = {
			isa = PBXSourcesBuildPhase;
			buildActionMask = 2147483647;
			files = (
			);
			runOnlyForDeploymentPostprocessing = 0;
		};
/* End PBXSourcesBuildPhase section */

/* Begin PBXTargetDependency section */
		30B4DA202F6A9E80002B814B /* PBXTargetDependency */ = {
			isa = PBXTargetDependency;
			target = 30B4DA082F6A9E7F002B814B /* Lidarcapture */;
			targetProxy = 30B4DA1F2F6A9E80002B814B /* PBXContainerItemProxy */;
		};
		30B4DA2A2F6A9E80002B814B /* PBXTargetDependency */ = {
			isa = PBXTargetDependency;
			target = 30B4DA082F6A9E7F002B814B /* Lidarcapture */;
			targetProxy = 30B4DA292F6A9E80002B814B /* PBXContainerItemProxy */;
		};
/* End PBXTargetDependency section */

/* Begin XCBuildConfiguration section */
		30B4DA302F6A9E80002B814B /* Debug */ = {
			isa = XCBuildConfiguration;
			buildSettings = {
				ALWAYS_SEARCH_USER_PATHS = NO;
				ASSETCATALOG_COMPILER_GENERATE_SWIFT_ASSET_SYMBOL_EXTENSIONS = YES;
				CLANG_ANALYZER_NONNULL = YES;
				CLANG_ANALYZER_NUMBER_OBJECT_CONVERSION = YES_AGGRESSIVE;
				CLANG_CXX_LANGUAGE_STANDARD = "gnu++20";
				CLANG_ENABLE_MODULES = YES;
				CLANG_ENABLE_OBJC_ARC = YES;
				CLANG_ENABLE_OBJC_WEAK = YES;
				CLANG_WARN_BLOCK_CAPTURE_AUTORELEASING = YES;
				CLANG_WARN_BOOL_CONVERSION = YES;
				CLANG_WARN_COMMA = YES;
				CLANG_WARN_CONSTANT_CONVERSION = YES;
				CLANG_WARN_DEPRECATED_OBJC_IMPLEMENTATIONS = YES;
				CLANG_WARN_DIRECT_OBJC_ISA_USAGE = YES_ERROR;
				CLANG_WARN_DOCUMENTATION_COMMENTS = YES;
				CLANG_WARN_EMPTY_BODY = YES;
				CLANG_WARN_ENUM_CONVERSION = YES;
				CLANG_WARN_INFINITE_RECURSION = YES;
				CLANG_WARN_INT_CONVERSION = YES;
				CLANG_WARN_NON_LITERAL_NULL_CONVERSION = YES;
				CLANG_WARN_OBJC_IMPLICIT_RETAIN_SELF = YES;
				CLANG_WARN_OBJC_LITERAL_CONVERSION = YES;
				CLANG_WARN_OBJC_ROOT_CLASS = YES_ERROR;
				CLANG_WARN_QUOTED_INCLUDE_IN_FRAMEWORK_HEADER = YES;
				CLANG_WARN_RANGE_LOOP_ANALYSIS = YES;
				CLANG_WARN_STRICT_PROTOTYPES = YES;
				CLANG_WARN_SUSPICIOUS_MOVE = YES;
				CLANG_WARN_UNGUARDED_AVAILABILITY = YES_AGGRESSIVE;
				CLANG_WARN_UNREACHABLE_CODE = YES;
				CLANG_WARN__DUPLICATE_METHOD_MATCH = YES;
				COPY_PHASE_STRIP = NO;
				DEBUG_INFORMATION_FORMAT = dwarf;
				ENABLE_STRICT_OBJC_MSGSEND = YES;
				ENABLE_TESTABILITY = YES;
				ENABLE_USER_SCRIPT_SANDBOXING = YES;
				GCC_C_LANGUAGE_STANDARD = gnu17;
				GCC_DYNAMIC_NO_PIC = NO;
				GCC_NO_COMMON_BLOCKS = YES;
				GCC_OPTIMIZATION_LEVEL = 0;
				GCC_PREPROCESSOR_DEFINITIONS = (
					"DEBUG=1",
					"$(inherited)",
				);
				GCC_WARN_64_TO_32_BIT_CONVERSION = YES;
				GCC_WARN_ABOUT_RETURN_TYPE = YES_ERROR;
				GCC_WARN_UNDECLARED_SELECTOR = YES;
				GCC_WARN_UNINITIALIZED_AUTOS = YES_AGGRESSIVE;
				GCC_WARN_UNUSED_FUNCTION = YES;
				GCC_WARN_UNUSED_VARIABLE = YES;
				IPHONEOS_DEPLOYMENT_TARGET = 16.0;
				LOCALIZATION_PREFERS_STRING_CATALOGS = YES;
				MTL_ENABLE_DEBUG_INFO = INCLUDE_SOURCE;
				MTL_FAST_MATH = YES;
				ONLY_ACTIVE_ARCH = YES;
				SDKROOT = iphoneos;
				SWIFT_ACTIVE_COMPILATION_CONDITIONS = "DEBUG $(inherited)";
				SWIFT_OPTIMIZATION_LEVEL = "-Onone";
			};
			name = Debug;
		};
		30B4DA312F6A9E80002B814B /* Release */ = {
			isa = XCBuildConfiguration;
			buildSettings = {
				ALWAYS_SEARCH_USER_PATHS = NO;
				ASSETCATALOG_COMPILER_GENERATE_SWIFT_ASSET_SYMBOL_EXTENSIONS = YES;
				CLANG_ANALYZER_NONNULL = YES;
				CLANG_ANALYZER_NUMBER_OBJECT_CONVERSION = YES_AGGRESSIVE;
				CLANG_CXX_LANGUAGE_STANDARD = "gnu++20";
				CLANG_ENABLE_MODULES = YES;
				CLANG_ENABLE_OBJC_ARC = YES;
				CLANG_ENABLE_OBJC_WEAK = YES;
				CLANG_WARN_BLOCK_CAPTURE_AUTORELEASING = YES;
				CLANG_WARN_BOOL_CONVERSION = YES;
				CLANG_WARN_COMMA = YES;
				CLANG_WARN_CONSTANT_CONVERSION = YES;
				CLANG_WARN_DEPRECATED_OBJC_IMPLEMENTATIONS = YES;
				CLANG_WARN_DIRECT_OBJC_ISA_USAGE = YES_ERROR;
				CLANG_WARN_DOCUMENTATION_COMMENTS = YES;
				CLANG_WARN_EMPTY_BODY = YES;
				CLANG_WARN_ENUM_CONVERSION = YES;
				CLANG_WARN_INFINITE_RECURSION = YES;
				CLANG_WARN_INT_CONVERSION = YES;
				CLANG_WARN_NON_LITERAL_NULL_CONVERSION = YES;
				CLANG_WARN_OBJC_IMPLICIT_RETAIN_SELF = YES;
				CLANG_WARN_OBJC_LITERAL_CONVERSION = YES;
				CLANG_WARN_OBJC_ROOT_CLASS = YES_ERROR;
				CLANG_WARN_QUOTED_INCLUDE_IN_FRAMEWORK_HEADER = YES;
				CLANG_WARN_RANGE_LOOP_ANALYSIS = YES;
				CLANG_WARN_STRICT_PROTOTYPES = YES;
				CLANG_WARN_SUSPICIOUS_MOVE = YES;
				CLANG_WARN_UNGUARDED_AVAILABILITY = YES_AGGRESSIVE;
				CLANG_WARN_UNREACHABLE_CODE = YES;
				CLANG_WARN__DUPLICATE_METHOD_MATCH = YES;
				COPY_PHASE_STRIP = NO;
				DEBUG_INFORMATION_FORMAT = "dwarf-with-dsym";
				ENABLE_NS_ASSERTIONS = NO;
				ENABLE_STRICT_OBJC_MSGSEND = YES;
				ENABLE_USER_SCRIPT_SANDBOXING = YES;
				GCC_C_LANGUAGE_STANDARD = gnu17;
				GCC_NO_COMMON_BLOCKS = YES;
				GCC_WARN_64_TO_32_BIT_CONVERSION = YES;
				GCC_WARN_ABOUT_RETURN_TYPE = YES_ERROR;
				GCC_WARN_UNDECLARED_SELECTOR = YES;
				GCC_WARN_UNINITIALIZED_AUTOS = YES_AGGRESSIVE;
				GCC_WARN_UNUSED_FUNCTION = YES;
				GCC_WARN_UNUSED_VARIABLE = YES;
				IPHONEOS_DEPLOYMENT_TARGET = 16.0;
				LOCALIZATION_PREFERS_STRING_CATALOGS = YES;
				MTL_ENABLE_DEBUG_INFO = NO;
				MTL_FAST_MATH = YES;
				SDKROOT = iphoneos;
				SWIFT_COMPILATION_MODE = wholemodule;
				VALIDATE_PRODUCT = YES;
			};
			name = Release;
		};
		30B4DA332F6A9E80002B814B /* Debug */ = {
			isa = XCBuildConfiguration;
			buildSettings = {
				ASSETCATALOG_COMPILER_APPICON_NAME = AppIcon;
				ASSETCATALOG_COMPILER_GLOBAL_ACCENT_COLOR_NAME = AccentColor;
				CODE_SIGN_STYLE = Automatic;
				CURRENT_PROJECT_VERSION = 1;
				DEVELOPMENT_ASSET_PATHS = "\"Lidarcapture/Preview Content\"";
				DEVELOPMENT_TEAM = 3TUB82S6DD;
				ENABLE_PREVIEWS = YES;
				GENERATE_INFOPLIST_FILE = YES;
				INFOPLIST_KEY_NSCameraUsageDescription = "Camera access is required for AR tracking and LiDAR/RGB data capture.";
				INFOPLIST_KEY_NSLocalNetworkUsageDescription = "Local network access is used to upload captured datasets to your PC when enabled.";
				INFOPLIST_KEY_UIApplicationSceneManifest_Generation = YES;
				INFOPLIST_KEY_UIApplicationSupportsIndirectInputEvents = YES;
				INFOPLIST_KEY_UILaunchScreen_Generation = YES;
				INFOPLIST_KEY_UISupportedInterfaceOrientations_iPad = "UIInterfaceOrientationPortrait UIInterfaceOrientationPortraitUpsideDown UIInterfaceOrientationLandscapeLeft UIInterfaceOrientationLandscapeRight";
				INFOPLIST_KEY_UISupportedInterfaceOrientations_iPhone = "UIInterfaceOrientationPortrait UIInterfaceOrientationLandscapeLeft UIInterfaceOrientationLandscapeRight";
				LD_RUNPATH_SEARCH_PATHS = (
					"$(inherited)",
					"@executable_path/Frameworks",
				);
				MARKETING_VERSION = 1.0;
				PRODUCT_BUNDLE_IDENTIFIER = com.build8.Lidarcapture;
				PRODUCT_NAME = "$(TARGET_NAME)";
				SWIFT_EMIT_LOC_STRINGS = YES;
				SWIFT_VERSION = 5.0;
				TARGETED_DEVICE_FAMILY = "1,2";
			};
			name = Debug;
		};
		30B4DA342F6A9E80002B814B /* Release */ = {
			isa = XCBuildConfiguration;
			buildSettings = {
				ASSETCATALOG_COMPILER_APPICON_NAME = AppIcon;
				ASSETCATALOG_COMPILER_GLOBAL_ACCENT_COLOR_NAME = AccentColor;
				CODE_SIGN_STYLE = Automatic;
				CURRENT_PROJECT_VERSION = 1;
				DEVELOPMENT_ASSET_PATHS = "\"Lidarcapture/Preview Content\"";
				DEVELOPMENT_TEAM = 3TUB82S6DD;
				ENABLE_PREVIEWS = YES;
				GENERATE_INFOPLIST_FILE = YES;
				INFOPLIST_KEY_NSCameraUsageDescription = "Camera access is required for AR tracking and LiDAR/RGB data capture.";
				INFOPLIST_KEY_NSLocalNetworkUsageDescription = "Local network access is used to upload captured datasets to your PC when enabled.";
				INFOPLIST_KEY_UIApplicationSceneManifest_Generation = YES;
				INFOPLIST_KEY_UIApplicationSupportsIndirectInputEvents = YES;
				INFOPLIST_KEY_UILaunchScreen_Generation = YES;
				INFOPLIST_KEY_UISupportedInterfaceOrientations_iPad = "UIInterfaceOrientationPortrait UIInterfaceOrientationPortraitUpsideDown UIInterfaceOrientationLandscapeLeft UIInterfaceOrientationLandscapeRight";
				INFOPLIST_KEY_UISupportedInterfaceOrientations_iPhone = "UIInterfaceOrientationPortrait UIInterfaceOrientationLandscapeLeft UIInterfaceOrientationLandscapeRight";
				LD_RUNPATH_SEARCH_PATHS = (
					"$(inherited)",
					"@executable_path/Frameworks",
				);
				MARKETING_VERSION = 1.0;
				PRODUCT_BUNDLE_IDENTIFIER = com.build8.Lidarcapture;
				PRODUCT_NAME = "$(TARGET_NAME)";
				SWIFT_EMIT_LOC_STRINGS = YES;
				SWIFT_VERSION = 5.0;
				TARGETED_DEVICE_FAMILY = "1,2";
			};
			name = Release;
		};
		30B4DA362F6A9E80002B814B /* Debug */ = {
			isa = XCBuildConfiguration;
			buildSettings = {
				BUNDLE_LOADER = "$(TEST_HOST)";
				CODE_SIGN_STYLE = Automatic;
				CURRENT_PROJECT_VERSION = 1;
				DEVELOPMENT_TEAM = 3TUB82S6DD;
				GENERATE_INFOPLIST_FILE = YES;
				IPHONEOS_DEPLOYMENT_TARGET = 16.0;
				MARKETING_VERSION = 1.0;
				PRODUCT_BUNDLE_IDENTIFIER = com.build8.LidarcaptureTests;
				PRODUCT_NAME = "$(TARGET_NAME)";
				SWIFT_EMIT_LOC_STRINGS = NO;
				SWIFT_VERSION = 5.0;
				TARGETED_DEVICE_FAMILY = "1,2";
				TEST_HOST = "$(BUILT_PRODUCTS_DIR)/Lidarcapture.app/$(BUNDLE_EXECUTABLE_FOLDER_PATH)/Lidarcapture";
			};
			name = Debug;
		};
		30B4DA372F6A9E80002B814B /* Release */ = {
			isa = XCBuildConfiguration;
			buildSettings = {
				BUNDLE_LOADER = "$(TEST_HOST)";
				CODE_SIGN_STYLE = Automatic;
				CURRENT_PROJECT_VERSION = 1;
				DEVELOPMENT_TEAM = 3TUB82S6DD;
				GENERATE_INFOPLIST_FILE = YES;
				IPHONEOS_DEPLOYMENT_TARGET = 16.0;
				MARKETING_VERSION = 1.0;
				PRODUCT_BUNDLE_IDENTIFIER = com.build8.LidarcaptureTests;
				PRODUCT_NAME = "$(TARGET_NAME)";
				SWIFT_EMIT_LOC_STRINGS = NO;
				SWIFT_VERSION = 5.0;
				TARGETED_DEVICE_FAMILY = "1,2";
				TEST_HOST = "$(BUILT_PRODUCTS_DIR)/Lidarcapture.app/$(BUNDLE_EXECUTABLE_FOLDER_PATH)/Lidarcapture";
			};
			name = Release;
		};
		30B4DA392F6A9E80002B814B /* Debug */ = {
			isa = XCBuildConfiguration;
			buildSettings = {
				CODE_SIGN_STYLE = Automatic;
				CURRENT_PROJECT_VERSION = 1;
				DEVELOPMENT_TEAM = 3TUB82S6DD;
				GENERATE_INFOPLIST_FILE = YES;
				MARKETING_VERSION = 1.0;
				PRODUCT_BUNDLE_IDENTIFIER = com.build8.LidarcaptureUITests;
				PRODUCT_NAME = "$(TARGET_NAME)";
				SWIFT_EMIT_LOC_STRINGS = NO;
				SWIFT_VERSION = 5.0;
				TARGETED_DEVICE_FAMILY = "1,2";
				TEST_TARGET_NAME = Lidarcapture;
			};
			name = Debug;
		};
		30B4DA3A2F6A9E80002B814B /* Release */ = {
			isa = XCBuildConfiguration;
			buildSettings = {
				CODE_SIGN_STYLE = Automatic;
				CURRENT_PROJECT_VERSION = 1;
				DEVELOPMENT_TEAM = 3TUB82S6DD;
				GENERATE_INFOPLIST_FILE = YES;
				MARKETING_VERSION = 1.0;
				PRODUCT_BUNDLE_IDENTIFIER = com.build8.LidarcaptureUITests;
				PRODUCT_NAME = "$(TARGET_NAME)";
				SWIFT_EMIT_LOC_STRINGS = NO;
				SWIFT_VERSION = 5.0;
				TARGETED_DEVICE_FAMILY = "1,2";
				TEST_TARGET_NAME = Lidarcapture;
			};
			name = Release;
		};
/* End XCBuildConfiguration section */

/* Begin XCConfigurationList section */
		30B4DA042F6A9E7F002B814B /* Build configuration list for PBXProject "Lidarcapture" */ = {
			isa = XCConfigurationList;
			buildConfigurations = (
				30B4DA302F6A9E80002B814B /* Debug */,
				30B4DA312F6A9E80002B814B /* Release */,
			);
			defaultConfigurationIsVisible = 0;
			defaultConfigurationName = Release;
		};
		30B4DA322F6A9E80002B814B /* Build configuration list for PBXNativeTarget "Lidarcapture" */ = {
			isa = XCConfigurationList;
			buildConfigurations = (
				30B4DA332F6A9E80002B814B /* Debug */,
				30B4DA342F6A9E80002B814B /* Release */,
			);
			defaultConfigurationIsVisible = 0;
			defaultConfigurationName = Release;
		};
		30B4DA352F6A9E80002B814B /* Build configuration list for PBXNativeTarget "LidarcaptureTests" */ = {
			isa = XCConfigurationList;
			buildConfigurations = (
				30B4DA362F6A9E80002B814B /* Debug */,
				30B4DA372F6A9E80002B814B /* Release */,
			);
			defaultConfigurationIsVisible = 0;
			defaultConfigurationName = Release;
		};
		30B4DA382F6A9E80002B814B /* Build configuration list for PBXNativeTarget "LidarcaptureUITests" */ = {
			isa = XCConfigurationList;
			buildConfigurations = (
				30B4DA392F6A9E80002B814B /* Debug */,
				30B4DA3A2F6A9E80002B814B /* Release */,
			);
			defaultConfigurationIsVisible = 0;
			defaultConfigurationName = Release;
		};
/* End XCConfigurationList section */
	};
	rootObject = 30B4DA012F6A9E7F002B814B /* Project object */;
}
